
Microsoft Visual Studio Solution File, Format Version 12.00
# Visual Studio Version 17
VisualStudioVersion = 17.10.35004.147
MinimumVisualStudioVersion = 10.0.40219.1
Project("{9A19103F-16F7-4668-BE54-9A1E7A4F7556}") = "KampIntro1", "KampIntro1\KampIntro1.csproj", "{D0B6369B-A300-4CC3-8DF9-DB9F6C874B55}"
EndProject
Project("{9A19103F-16F7-4668-BE54-9A1E7A4F7556}") = "Donguler", "Donguler\Donguler.csproj", "{D7A916DA-2B66-4E26-B081-E0BBE29281E7}"
EndProject
Project("{9A19103F-16F7-4668-BE54-9A1E7A4F7556}") = "ClassIntro", "ClassIntro\ClassIntro.csproj", "{F64E60DE-CA28-47DD-AE27-918CFFF2B62E}"
EndProject
Project("{9A19103F-16F7-4668-BE54-9A1E7A4F7556}") = "Metotlar", "Metotlar\Metotlar.csproj", "{D808B155-F19A-4723-B14F-CE6F5A9DF5D4}"
EndProject
Project("{9A19103F-16F7-4668-BE54-9A1E7A4F7556}") = "Matematik", "Matematik\Matematik.csproj", "{C0FC540D-B631-438F-BBF0-C500957A4165}"
EndProject
Project("{9A19103F-16F7-4668-BE54-9A1E7A4F7556}") = "DegerVeReferansTipler", "DegerVeReferansTipler\DegerVeReferansTipler.csproj", "{F149B943-84AF-4886-8CC3-169B570F1768}"
EndProject
Project("{9A19103F-16F7-4668-BE54-9A1E7A4F7556}") = "OOP1", "OOP1\OOP1.csproj", "{BAFD27E0-EEA4-4401-932E-E8E7F0A8369C}"
EndProject
Project("{9A19103F-16F7-4668-BE54-9A1E7A4F7556}") = "Methods", "Methods\Methods.csproj", "{EE2BB1FE-EBCA-42C9-9944-3E84A1233F21}"
EndProject
Project("{9A19103F-16F7-4668-BE54-9A1E7A4F7556}") = "ClassMetotDemo", "ClassMetotDemo\ClassMetotDemo.csproj", "{40B794B8-62BA-4D58-A4C8-A119EDE80190}"
EndProject
Project("{9A19103F-16F7-4668-BE54-9A1E7A4F7556}") = "Koleksiyonlar", "Koleksiyonlar\Koleksiyonlar.csproj", "{632C77A4-3DAB-490F-8B17-CECF95E36763}"
EndProject
Project("{9A19103F-16F7-4668-BE54-9A1E7A4F7556}") = "GenericsIntro", "GenericsIntro\GenericsIntro.csproj", "{34F31D5F-7CF4-403C-9AED-7069DEA0395F}"
EndProject
Project("{9A19103F-16F7-4668-BE54-9A1E7A4F7556}") = "ReferenceTypes", "ReferenceTypes\ReferenceTypes.csproj", "{611D2721-58E1-4BC1-804E-19684AB2BC04}"
EndProject
Project("{9A19103F-16F7-4668-BE54-9A1E7A4F7556}") = "Constructors", "Constructors\Constructors.csproj", "{7B41F93F-F9FF-4418-B14B-595A7B76FDD6}"
EndProject
Project("{9A19103F-16F7-4668-BE54-9A1E7A4F7556}") = "DictionaryKavrami", "DictionaryKavrami\DictionaryKavrami.csproj", "{1D6CE65A-17A4-46B3-932D-BCD64FD47D9C}"
EndProject
Project("{9A19103F-16F7-4668-BE54-9A1E7A4F7556}") = "Oop2", "Oop2\Oop2.csproj", "{5D18F336-F505-42A0-B12E-135524A6B13C}"
EndProject
Project("{9A19103F-16F7-4668-BE54-9A1E7A4F7556}") = "OOP3", "OOP3\OOP3.csproj", "{8F52029C-9D3C-4895-BB7B-8EB92BD2D068}"
EndProject
Project("{9A19103F-16F7-4668-BE54-9A1E7A4F7556}") = "Project2", "Project2\Project2.csproj", "{4C435274-4691-43AE-998C-FFE4C87203C7}"
EndProject
Project("{9A19103F-16F7-4668-BE54-9A1E7A4F7556}") = "Interfaces", "Interfaces\Interfaces.csproj", "{FF443087-80C7-4AFB-A804-DE1F07BC036E}"
EndProject
Project("{9A19103F-16F7-4668-BE54-9A1E7A4F7556}") = "Interfaces2", "Interfaces2\Interfaces2.csproj", "{07E3AC30-D77A-4F9A-B062-96B6A35B88D6}"
EndProject
Project("{9A19103F-16F7-4668-BE54-9A1E7A4F7556}") = "Interfaces3", "Interfaces3\Interfaces3.csproj", "{B5D1B379-EDEE-45F4-83BA-2058D07F5693}"
EndProject
Project("{9A19103F-16F7-4668-BE54-9A1E7A4F7556}") = "AbstractClasses", "AbstractClasses\AbstractClasses.csproj", "{5A7CDE0B-40E3-4C8A-8905-07CE216B81F5}"
EndProject
Project("{9A19103F-16F7-4668-BE54-9A1E7A4F7556}") = "InterfaceAbstractDemo", "InterfaceAbstractDemo\InterfaceAbstractDemo.csproj", "{9F53C5BC-182A-4ADF-84D1-10CC3886A7FE}"
EndProject
Project("{FAE04EC0-301F-11D3-BF4B-00C04F79EFBC}") = "GameService", "GameService\GameService.csproj", "{00E8968C-E02D-42A9-9CC7-BC24BC766ED4}"
EndProject
Global
	GlobalSection(SolutionConfigurationPlatforms) = preSolution
		Debug|Any CPU = Debug|Any CPU
		Release|Any CPU = Release|Any CPU
	EndGlobalSection
	GlobalSection(ProjectConfigurationPlatforms) = postSolution
		{D0B6369B-A300-4CC3-8DF9-DB9F6C874B55}.Debug|Any CPU.ActiveCfg = Debug|Any CPU
		{D0B6369B-A300-4CC3-8DF9-DB9F6C874B55}.Debug|Any CPU.Build.0 = Debug|Any CPU
		{D0B6369B-A300-4CC3-8DF9-DB9F6C874B55}.Release|Any CPU.ActiveCfg = Release|Any CPU
		{D0B6369B-A300-4CC3-8DF9-DB9F6C874B55}.Release|Any CPU.Build.0 = Release|Any CPU
		{D7A916DA-2B66-4E26-B081-E0BBE29281E7}.Debug|Any CPU.ActiveCfg = Debug|Any CPU
		{D7A916DA-2B66-4E26-B081-E0BBE29281E7}.Debug|Any CPU.Build.0 = Debug|Any CPU
		{D7A916DA-2B66-4E26-B081-E0BBE29281E7}.Release|Any CPU.ActiveCfg = Release|Any CPU
		{D7A916DA-2B66-4E26-B081-E0BBE29281E7}.Release|Any CPU.Build.0 = Release|Any CPU
		{F64E60DE-CA28-47DD-AE27-918CFFF2B62E}.Debug|Any CPU.ActiveCfg = Debug|Any CPU
		{F64E60DE-CA28-47DD-AE27-918CFFF2B62E}.Debug|Any CPU.Build.0 = Debug|Any CPU
		{F64E60DE-CA28-47DD-AE27-918CFFF2B62E}.Release|Any CPU.ActiveCfg = Release|Any CPU
		{F64E60DE-CA28-47DD-AE27-918CFFF2B62E}.Release|Any CPU.Build.0 = Release|Any CPU
		{D808B155-F19A-4723-B14F-CE6F5A9DF5D4}.Debug|Any CPU.ActiveCfg = Debug|Any CPU
		{D808B155-F19A-4723-B14F-CE6F5A9DF5D4}.Debug|Any CPU.Build.0 = Debug|Any CPU
		{D808B155-F19A-4723-B14F-CE6F5A9DF5D4}.Release|Any CPU.ActiveCfg = Release|Any CPU
		{D808B155-F19A-4723-B14F-CE6F5A9DF5D4}.Release|Any CPU.Build.0 = Release|Any CPU
		{C0FC540D-B631-438F-BBF0-C500957A4165}.Debug|Any CPU.ActiveCfg = Debug|Any CPU
		{C0FC540D-B631-438F-BBF0-C500957A4165}.Debug|Any CPU.Build.0 = Debug|Any CPU
		{C0FC540D-B631-438F-BBF0-C500957A4165}.Release|Any CPU.ActiveCfg = Release|Any CPU
		{C0FC540D-B631-438F-BBF0-C500957A4165}.Release|Any CPU.Build.0 = Release|Any CPU
		{F149B943-84AF-4886-8CC3-169B570F1768}.Debug|Any CPU.ActiveCfg = Debug|Any CPU
		{F149B943-84AF-4886-8CC3-169B570F1768}.Debug|Any CPU.Build.0 = Debug|Any CPU
		{F149B943-84AF-4886-8CC3-169B570F1768}.Release|Any CPU.ActiveCfg = Release|Any CPU
		{F149B943-84AF-4886-8CC3-169B570F1768}.Release|Any CPU.Build.0 = Release|Any CPU
		{BAFD27E0-EEA4-4401-932E-E8E7F0A8369C}.Debug|Any CPU.ActiveCfg = Debug|Any CPU
		{BAFD27E0-EEA4-4401-932E-E8E7F0A8369C}.Debug|Any CPU.Build.0 = Debug|Any CPU
		{BAFD27E0-EEA4-4401-932E-E8E7F0A8369C}.Release|Any CPU.ActiveCfg = Release|Any CPU
		{BAFD27E0-EEA4-4401-932E-E8E7F0A8369C}.Release|Any CPU.Build.0 = Release|Any CPU
		{EE2BB1FE-EBCA-42C9-9944-3E84A1233F21}.Debug|Any CPU.ActiveCfg = Debug|Any CPU
		{EE2BB1FE-EBCA-42C9-9944-3E84A1233F21}.Debug|Any CPU.Build.0 = Debug|Any CPU
		{EE2BB1FE-EBCA-42C9-9944-3E84A1233F21}.Release|Any CPU.ActiveCfg = Release|Any CPU
		{EE2BB1FE-EBCA-42C9-9944-3E84A1233F21}.Release|Any CPU.Build.0 = Release|Any CPU
		{40B794B8-62BA-4D58-A4C8-A119EDE80190}.Debug|Any CPU.ActiveCfg = Debug|Any CPU
		{40B794B8-62BA-4D58-A4C8-A119EDE80190}.Debug|Any CPU.Build.0 = Debug|Any CPU
		{40B794B8-62BA-4D58-A4C8-A119EDE80190}.Release|Any CPU.ActiveCfg = Release|Any CPU
		{40B794B8-62BA-4D58-A4C8-A119EDE80190}.Release|Any CPU.Build.0 = Release|Any CPU
		{632C77A4-3DAB-490F-8B17-CECF95E36763}.Debug|Any CPU.ActiveCfg = Debug|Any CPU
		{632C77A4-3DAB-490F-8B17-CECF95E36763}.Debug|Any CPU.Build.0 = Debug|Any CPU
		{632C77A4-3DAB-490F-8B17-CECF95E36763}.Release|Any CPU.ActiveCfg = Release|Any CPU
		{632C77A4-3DAB-490F-8B17-CECF95E36763}.Release|Any CPU.Build.0 = Release|Any CPU
		{34F31D5F-7CF4-403C-9AED-7069DEA0395F}.Debug|Any CPU.ActiveCfg = Debug|Any CPU
		{34F31D5F-7CF4-403C-9AED-7069DEA0395F}.Debug|Any CPU.Build.0 = Debug|Any CPU
		{34F31D5F-7CF4-403C-9AED-7069DEA0395F}.Release|Any CPU.ActiveCfg = Release|Any CPU
		{34F31D5F-7CF4-403C-9AED-7069DEA0395F}.Release|Any CPU.Build.0 = Release|Any CPU
		{611D2721-58E1-4BC1-804E-19684AB2BC04}.Debug|Any CPU.ActiveCfg = Debug|Any CPU
		{611D2721-58E1-4BC1-804E-19684AB2BC04}.Debug|Any CPU.Build.0 = Debug|Any CPU
		{611D2721-58E1-4BC1-804E-19684AB2BC04}.Release|Any CPU.ActiveCfg = Release|Any CPU
		{611D2721-58E1-4BC1-804E-19684AB2BC04}.Release|Any CPU.Build.0 = Release|Any CPU
		{7B41F93F-F9FF-4418-B14B-595A7B76FDD6}.Debug|Any CPU.ActiveCfg = Debug|Any CPU
		{7B41F93F-F9FF-4418-B14B-595A7B76FDD6}.Debug|Any CPU.Build.0 = Debug|Any CPU
		{7B41F93F-F9FF-4418-B14B-595A7B76FDD6}.Release|Any CPU.ActiveCfg = Release|Any CPU
		{7B41F93F-F9FF-4418-B14B-595A7B76FDD6}.Release|Any CPU.Build.0 = Release|Any CPU
		{1D6CE65A-17A4-46B3-932D-BCD64FD47D9C}.Debug|Any CPU.ActiveCfg = Debug|Any CPU
		{1D6CE65A-17A4-46B3-932D-BCD64FD47D9C}.Debug|Any CPU.Build.0 = Debug|Any CPU
		{1D6CE65A-17A4-46B3-932D-BCD64FD47D9C}.Release|Any CPU.ActiveCfg = Release|Any CPU
		{1D6CE65A-17A4-46B3-932D-BCD64FD47D9C}.Release|Any CPU.Build.0 = Release|Any CPU
		{5D18F336-F505-42A0-B12E-135524A6B13C}.Debug|Any CPU.ActiveCfg = Debug|Any CPU
		{5D18F336-F505-42A0-B12E-135524A6B13C}.Debug|Any CPU.Build.0 = Debug|Any CPU
		{5D18F336-F505-42A0-B12E-135524A6B13C}.Release|Any CPU.ActiveCfg = Release|Any CPU
		{5D18F336-F505-42A0-B12E-135524A6B13C}.Release|Any CPU.Build.0 = Release|Any CPU
		{8F52029C-9D3C-4895-BB7B-8EB92BD2D068}.Debug|Any CPU.ActiveCfg = Debug|Any CPU
		{8F52029C-9D3C-4895-BB7B-8EB92BD2D068}.Debug|Any CPU.Build.0 = Debug|Any CPU
		{8F52029C-9D3C-4895-BB7B-8EB92BD2D068}.Release|Any CPU.ActiveCfg = Release|Any CPU
		{8F52029C-9D3C-4895-BB7B-8EB92BD2D068}.Release|Any CPU.Build.0 = Release|Any CPU
		{4C435274-4691-43AE-998C-FFE4C87203C7}.Debug|Any CPU.ActiveCfg = Debug|Any CPU
		{4C435274-4691-43AE-998C-FFE4C87203C7}.Debug|Any CPU.Build.0 = Debug|Any CPU
		{4C435274-4691-43AE-998C-FFE4C87203C7}.Release|Any CPU.ActiveCfg = Release|Any CPU
		{4C435274-4691-43AE-998C-FFE4C87203C7}.Release|Any CPU.Build.0 = Release|Any CPU
		{FF443087-80C7-4AFB-A804-DE1F07BC036E}.Debug|Any CPU.ActiveCfg = Debug|Any CPU
		{FF443087-80C7-4AFB-A804-DE1F07BC036E}.Debug|Any CPU.Build.0 = Debug|Any CPU
		{FF443087-80C7-4AFB-A804-DE1F07BC036E}.Release|Any CPU.ActiveCfg = Release|Any CPU
		{FF443087-80C7-4AFB-A804-DE1F07BC036E}.Release|Any CPU.Build.0 = Release|Any CPU
		{07E3AC30-D77A-4F9A-B062-96B6A35B88D6}.Debug|Any CPU.ActiveCfg = Debug|Any CPU
		{07E3AC30-D77A-4F9A-B062-96B6A35B88D6}.Debug|Any CPU.Build.0 = Debug|Any CPU
		{07E3AC30-D77A-4F9A-B062-96B6A35B88D6}.Release|Any CPU.ActiveCfg = Release|Any CPU
		{07E3AC30-D77A-4F9A-B062-96B6A35B88D6}.Release|Any CPU.Build.0 = Release|Any CPU
		{B5D1B379-EDEE-45F4-83BA-2058D07F5693}.Debug|Any CPU.ActiveCfg = Debug|Any CPU
		{B5D1B379-EDEE-45F4-83BA-2058D07F5693}.Debug|Any CPU.Build.0 = Debug|Any CPU
		{B5D1B379-EDEE-45F4-83BA-2058D07F5693}.Release|Any CPU.ActiveCfg = Release|Any CPU
		{B5D1B379-EDEE-45F4-83BA-2058D07F5693}.Release|Any CPU.Build.0 = Release|Any CPU
		{5A7CDE0B-40E3-4C8A-8905-07CE216B81F5}.Debug|Any CPU.ActiveCfg = Debug|Any CPU
		{5A7CDE0B-40E3-4C8A-8905-07CE216B81F5}.Debug|Any CPU.Build.0 = Debug|Any CPU
		{5A7CDE0B-40E3-4C8A-8905-07CE216B81F5}.Release|Any CPU.ActiveCfg = Release|Any CPU
		{5A7CDE0B-40E3-4C8A-8905-07CE216B81F5}.Release|Any CPU.Build.0 = Release|Any CPU
		{9F53C5BC-182A-4ADF-84D1-10CC3886A7FE}.Debug|Any CPU.ActiveCfg = Debug|Any CPU
		{9F53C5BC-182A-4ADF-84D1-10CC3886A7FE}.Debug|Any CPU.Build.0 = Debug|Any CPU
		{9F53C5BC-182A-4ADF-84D1-10CC3886A7FE}.Release|Any CPU.ActiveCfg = Release|Any CPU
		{9F53C5BC-182A-4ADF-84D1-10CC3886A7FE}.Release|Any CPU.Build.0 = Release|Any CPU
		{00E8968C-E02D-42A9-9CC7-BC24BC766ED4}.Debug|Any CPU.ActiveCfg = Debug|Any CPU
		{00E8968C-E02D-42A9-9CC7-BC24BC766ED4}.Debug|Any CPU.Build.0 = Debug|Any CPU
		{00E8968C-E02D-42A9-9CC7-BC24BC766ED4}.Release|Any CPU.ActiveCfg = Release|Any CPU
		{00E8968C-E02D-42A9-9CC7-BC24BC766ED4}.Release|Any CPU.Build.0 = Release|Any CPU
	EndGlobalSection
	GlobalSection(SolutionProperties) = preSolution
		HideSolutionNode = FALSE
	EndGlobalSection
	GlobalSection(ExtensibilityGlobals) = postSolution
		SolutionGuid = {7F8BB145-63B4-453F-9CDA-C92C3045AE6D}
	EndGlobalSection
EndGlobal
